
Microsoft Visual Studio Solution File, Format Version 12.00
# Visual Studio Version 16
VisualStudioVersion = 16.0.31112.23
MinimumVisualStudioVersion = 10.0.40219.1
Project("{FAE04EC0-301F-11D3-BF4B-00C04F79EFBC}") = "Arrays", "Arrays\Arrays.csproj", "{A426D041-828E-4A5B-8DF7-C23C0B80512A}"
EndProject
Project("{FAE04EC0-301F-11D3-BF4B-00C04F79EFBC}") = "Arrays2", "Arrays2\Arrays2.csproj", "{E4C5DCFD-1980-4AE5-BE5D-35838C0A598F}"
EndProject
Global
	GlobalSection(SolutionConfigurationPlatforms) = preSolution
		Debug|Any CPU = Debug|Any CPU
		Release|Any CPU = Release|Any CPU
	EndGlobalSection
	GlobalSection(ProjectConfigurationPlatforms) = postSolution
		{A426D041-828E-4A5B-8DF7-C23C0B80512A}.Debug|Any CPU.ActiveCfg = Debug|Any CPU
		{A426D041-828E-4A5B-8DF7-C23C0B80512A}.Debug|Any CPU.Build.0 = Debug|Any CPU
		{A426D041-828E-4A5B-8DF7-C23C0B80512A}.Release|Any CPU.ActiveCfg = Release|Any CPU
		{A426D041-828E-4A5B-8DF7-C23C0B80512A}.Release|Any CPU.Build.0 = Release|Any CPU
		{E4C5DCFD-1980-4AE5-BE5D-35838C0A598F}.Debug|Any CPU.ActiveCfg = Debug|Any CPU
		{E4C5DCFD-1980-4AE5-BE5D-35838C0A598F}.Debug|Any CPU.Build.0 = Debug|Any CPU
		{E4C5DCFD-1980-4AE5-BE5D-35838C0A598F}.Release|Any CPU.ActiveCfg = Release|Any CPU
		{E4C5DCFD-1980-4AE5-BE5D-35838C0A598F}.Release|Any CPU.Build.0 = Release|Any CPU
	EndGlobalSection
	GlobalSection(SolutionProperties) = preSolution
		HideSolutionNode = FALSE
	EndGlobalSection
	GlobalSection(ExtensibilityGlobals) = postSolution
		SolutionGuid = {EE124E83-8C01-4C79-9424-E4CD405BBEEF}
	EndGlobalSection
EndGlobal
